{
    "_readme": [
        "This file locks the dependencies of your project to a known state",
        "Read more about it at https://getcomposer.org/doc/01-basic-usage.md#installing-dependencies",
        "This file is @generated automatically"
    ],
    "content-hash": "1e83b1c4e1329857bca8aa46a08f5c22",
    "packages": [
        {
            "name": "payever/sdk-php",
            "version": "3.0.8",
            "source": {
                "type": "git",
                "url": "https://github.com/payeverworldwide/sdk-php.git",
                "reference": "f0cb682b04923f87831d97891615bef30fb576ad"
            },
            "dist": {
                "type": "zip",
                "url": "https://api.github.com/repos/payeverworldwide/sdk-php/zipball/f0cb682b04923f87831d97891615bef30fb576ad",
                "reference": "f0cb682b04923f87831d97891615bef30fb576ad",
                "shasum": ""
            },
            "require": {
                "ext-curl": "*",
                "ext-json": "*",
                "php": ">=5.4.0",
                "psr/log": "^1.1"
            },
            "require-dev": {
                "behat/behat": "^3.4",
                "friendsofphp/php-cs-fixer": "^2.18",
                "laminas/laminas-diactoros": "^2.5",
                "laminas/laminas-httphandlerrunner": "^1.4",
                "phpmd/phpmd": "^2.9",
                "phpunit/phpunit": "^9",
                "squizlabs/php_codesniffer": "^3.5"
            },
            "suggest": {
                "ext-mcrypt": "If you want to use mcrypt at PseudoRandomStringGenerator",
                "ext-openssl": "If you want to use openssl at PseudoRandomStringGenerator",
                "ext-pdo": "If you want to use MySQLLock"
            },
            "type": "library",
            "autoload": {
                "classmap": [
                    "lib"
                ]
            },
            "notification-url": "https://packagist.org/downloads/",
            "license": [
                "MIT"
            ],
            "authors": [
                {
                    "name": "Andrey Puhovsky",
                    "email": "a.puhovsky@gmail.com",
                    "homepage": "https://getpayever.com/",
                    "role": "Initial version"
                },
                {
                    "name": "Hennadii Shymanskyi",
                    "email": "gendosua@gmail.com",
                    "role": "1.x, 2.x and further development"
                }
            ],
            "description": "PHP SDK for payever",
            "homepage": "https://github.com/payever/sdk-php",
            "keywords": [
                "e-commerce",
                "inventory",
                "pay",
                "payever",
                "payments",
                "products"
            ],
            "support": {
                "issues": "https://github.com/payeverworldwide/sdk-php/issues",
                "source": "https://github.com/payeverworldwide/sdk-php/tree/3.0.8"
            },
            "time": "2021-11-05T17:05:00+00:00"
        },
        {
            "name": "psr/log",
            "version": "1.1.4",
            "source": {
                "type": "git",
                "url": "https://github.com/php-fig/log.git",
                "reference": "d49695b909c3b7628b6289db5479a1c204601f11"
            },
            "dist": {
                "type": "zip",
                "url": "https://api.github.com/repos/php-fig/log/zipball/d49695b909c3b7628b6289db5479a1c204601f11",
                "reference": "d49695b909c3b7628b6289db5479a1c204601f11",
                "shasum": ""
            },
            "require": {
                "php": ">=5.3.0"
            },
            "type": "library",
            "extra": {
                "branch-alias": {
                    "dev-master": "1.1.x-dev"
                }
            },
            "autoload": {
                "psr-4": {
                    "Psr\\Log\\": "Psr/Log/"
                }
            },
            "notification-url": "https://packagist.org/downloads/",
            "license": [
                "MIT"
            ],
            "authors": [
                {
                    "name": "PHP-FIG",
                    "homepage": "https://www.php-fig.org/"
                }
            ],
            "description": "Common interface for logging libraries",
            "homepage": "https://github.com/php-fig/log",
            "keywords": [
                "log",
                "psr",
                "psr-3"
            ],
            "support": {
                "source": "https://github.com/php-fig/log/tree/1.1.4"
            },
            "time": "2021-05-03T11:20:27+00:00"
        }
    ],
    "packages-dev": [],
    "aliases": [],
    "minimum-stability": "stable",
    "stability-flags": [],
    "prefer-stable": false,
    "prefer-lowest": false,
    "platform": {
        "php": ">=5.4.0",
        "ext-json": "*",
        "ext-curl": "*",
        "ext-fileinfo": "*"
    },
    "platform-dev": [],
    "plugin-api-version": "2.1.0"
}
